Microsoft Visual Studio Solution File, Format Version 12.00
# Visual Studio Version 17
VisualStudioVersion = 17.13.35931.197
MinimumVisualStudioVersion = 10.0.40219.1
Project("{888888A0-9F3D-457C-B088-3A5042F75D52}") = "itfluency", "itfluency\itfluency.pyproj", "{8F352A05-A48E-4956-B088-6B135A7B7A0E}"
EndProject
Global
	GlobalSection(SolutionConfigurationPlatforms) = preSolution
		Debug|Any CPU = Debug|Any CPU
		Release|Any CPU = Release|Any CPU
	EndGlobalSection
	GlobalSection(ProjectConfigurationPlatforms) = postSolution
		{8F352A05-A48E-4956-B088-6B135A7B7A0E}.Debug|Any CPU.ActiveCfg = Debug|Any CPU
		{8F352A05-A48E-4956-B088-6B135A7B7A0E}.Debug|Any CPU.Build.0 = Debug|Any CPU
		{8F352A05-A48E-4956-B088-6B135A7B7A0E}.Release|Any CPU.ActiveCfg = Release|Any CPU
		{8F352A05-A48E-4956-B088-6B135A7B7A0E}.Release|Any CPU.Build.0 = Release|Any CPU
	EndGlobalSection
	GlobalSection(SolutionProperties) = preSolution
		HideSolutionNode = FALSE
	EndGlobalSection
	GlobalSection(ExtensibilityGlobals) = postSolution
		SolutionGuid = {8585EE45-CBD7-488C-97CD-F1685BA6830C}
	EndGlobalSection
EndGlobal
